// !$*UTF8*$!
{
	archiveVersion = 1;
	classes = {
	};
	objectVersion = 48;
	objects = {

/* Begin PBXBuildFile section */
		1A88B7853C7B3203EEAF3F80 /* Pods_DevsPlatform.framework in Frameworks */ = {isa = PBXBuildFile; fileRef = BC17805A1077F7DBA2EAD70E /* Pods_DevsPlatform.framework */; };
		3316B83E200A534A005BDEB5 /* MeVC.swift in Sources */ = {isa = PBXBuildFile; fileRef = 3316B83D200A534A005BDEB5 /* MeVC.swift */; };
		3360135C200AA09F006F68E9 /* createPostVC.swift in Sources */ = {isa = PBXBuildFile; fileRef = 3360135B200AA09F006F68E9 /* createPostVC.swift */; };
		33601360200AAE1D006F68E9 /* UIViewExt.swift in Sources */ = {isa = PBXBuildFile; fileRef = 3360135F200AAE1D006F68E9 /* UIViewExt.swift */; };
		33601362200ABC94006F68E9 /* FeedCell.swift in Sources */ = {isa = PBXBuildFile; fileRef = 33601361200ABC94006F68E9 /* FeedCell.swift */; };
		3380D249201DC42400546E8F /* socialConnection.swift in Sources */ = {isa = PBXBuildFile; fileRef = 3380D248201DC42400546E8F /* socialConnection.swift */; };
		33DB6CF52009121E001C7A24 /* ShadowView.swift in Sources */ = {isa = PBXBuildFile; fileRef = 33DB6CF42009121E001C7A24 /* ShadowView.swift */; };
		33DB6CF720091711001C7A24 /* AuthServices.swift in Sources */ = {isa = PBXBuildFile; fileRef = 33DB6CF620091711001C7A24 /* AuthServices.swift */; };
		33E7896F200B4443006A2CDF /* Message.swift in Sources */ = {isa = PBXBuildFile; fileRef = 33E7896E200B4443006A2CDF /* Message.swift */; };
		33EBFEE02019DC8A00D8477E /* GroupCell.swift in Sources */ = {isa = PBXBuildFile; fileRef = 33EBFEDF2019DC8A00D8477E /* GroupCell.swift */; };
		33EBFEE22019E86A00D8477E /* Group.swift in Sources */ = {isa = PBXBuildFile; fileRef = 33EBFEE12019E86A00D8477E /* Group.swift */; };
		33EBFEE4201A0B4100D8477E /* groupFeedCell.swift in Sources */ = {isa = PBXBuildFile; fileRef = 33EBFEE3201A0B4100D8477E /* groupFeedCell.swift */; };
		33EBFEE6201A0C8000D8477E /* GroupFeedVC.swift in Sources */ = {isa = PBXBuildFile; fileRef = 33EBFEE5201A0C8000D8477E /* GroupFeedVC.swift */; };
		33F4FE7E2017995100A66768 /* CreateGroupVC.swift in Sources */ = {isa = PBXBuildFile; fileRef = 33F4FE7D2017995100A66768 /* CreateGroupVC.swift */; };
		33F4FE802017AC0C00A66768 /* UserCell.swift in Sources */ = {isa = PBXBuildFile; fileRef = 33F4FE7F2017AC0C00A66768 /* UserCell.swift */; };
		33F6D4CC201B37B100D269D2 /* UIViewControllerExt.swift in Sources */ = {isa = PBXBuildFile; fileRef = 33F6D4CB201B37B100D269D2 /* UIViewControllerExt.swift */; };
		33FE6C8D20076C3900494415 /* AppDelegate.swift in Sources */ = {isa = PBXBuildFile; fileRef = 33FE6C8C20076C3900494415 /* AppDelegate.swift */; };
		33FE6C8F20076C3900494415 /* FeedVC.swift in Sources */ = {isa = PBXBuildFile; fileRef = 33FE6C8E20076C3900494415 /* FeedVC.swift */; };
		33FE6C9120076C3900494415 /* GroupVC.swift in Sources */ = {isa = PBXBuildFile; fileRef = 33FE6C9020076C3900494415 /* GroupVC.swift */; };
		33FE6C9420076C3900494415 /* Main.storyboard in Resources */ = {isa = PBXBuildFile; fileRef = 33FE6C9220076C3900494415 /* Main.storyboard */; };
		33FE6C9620076C3900494415 /* Assets.xcassets in Resources */ = {isa = PBXBuildFile; fileRef = 33FE6C9520076C3900494415 /* Assets.xcassets */; };
		33FE6C9920076C3900494415 /* LaunchScreen.storyboard in Resources */ = {isa = PBXBuildFile; fileRef = 33FE6C9720076C3900494415 /* LaunchScreen.storyboard */; };
		33FE6CA62007779C00494415 /* GoogleService-Info.plist in Resources */ = {isa = PBXBuildFile; fileRef = 33FE6CA52007779C00494415 /* GoogleService-Info.plist */; };
		33FE6CA82007807100494415 /* DataService.swift in Sources */ = {isa = PBXBuildFile; fileRef = 33FE6CA72007807100494415 /* DataService.swift */; };
		33FE6CAA2007B1A800494415 /* AuthVC.swift in Sources */ = {isa = PBXBuildFile; fileRef = 33FE6CA92007B1A800494415 /* AuthVC.swift */; };
		33FE6CAC2007B22600494415 /* LoginVC.swift in Sources */ = {isa = PBXBuildFile; fileRef = 33FE6CAB2007B22600494415 /* LoginVC.swift */; };
		33FE6CAE2007B2E800494415 /* InsetTextField.swift in Sources */ = {isa = PBXBuildFile; fileRef = 33FE6CAD2007B2E800494415 /* InsetTextField.swift */; };
/* End PBXBuildFile section */

/* Begin PBXFileReference section */
		3316B83D200A534A005BDEB5 /* MeVC.swift */ = {isa = PBXFileReference; lastKnownFileType = sourcecode.swift; path = MeVC.swift; sourceTree = "<group>"; };
		3360135B200AA09F006F68E9 /* createPostVC.swift */ = {isa = PBXFileReference; lastKnownFileType = sourcecode.swift; path = createPostVC.swift; sourceTree = "<group>"; };
		3360135F200AAE1D006F68E9 /* UIViewExt.swift */ = {isa = PBXFileReference; lastKnownFileType = sourcecode.swift; path = UIViewExt.swift; sourceTree = "<group>"; };
		33601361200ABC94006F68E9 /* FeedCell.swift */ = {isa = PBXFileReference; lastKnownFileType = sourcecode.swift; path = FeedCell.swift; sourceTree = "<group>"; };
		3380D248201DC42400546E8F /* socialConnection.swift */ = {isa = PBXFileReference; lastKnownFileType = sourcecode.swift; path = socialConnection.swift; sourceTree = "<group>"; };
		33DB6CF42009121E001C7A24 /* ShadowView.swift */ = {isa = PBXFileReference; lastKnownFileType = sourcecode.swift; path = ShadowView.swift; sourceTree = "<group>"; };
		33DB6CF620091711001C7A24 /* AuthServices.swift */ = {isa = PBXFileReference; lastKnownFileType = sourcecode.swift; path = AuthServices.swift; sourceTree = "<group>"; };
		33E7896E200B4443006A2CDF /* Message.swift */ = {isa = PBXFileReference; lastKnownFileType = sourcecode.swift; path = Message.swift; sourceTree = "<group>"; };
		33EBFEDF2019DC8A00D8477E /* GroupCell.swift */ = {isa = PBXFileReference; lastKnownFileType = sourcecode.swift; path = GroupCell.swift; sourceTree = "<group>"; };
		33EBFEE12019E86A00D8477E /* Group.swift */ = {isa = PBXFileReference; lastKnownFileType = sourcecode.swift; path = Group.swift; sourceTree = "<group>"; };
		33EBFEE3201A0B4100D8477E /* groupFeedCell.swift */ = {isa = PBXFileReference; lastKnownFileType = sourcecode.swift; path = groupFeedCell.swift; sourceTree = "<group>"; };
		33EBFEE5201A0C8000D8477E /* GroupFeedVC.swift */ = {isa = PBXFileReference; lastKnownFileType = sourcecode.swift; path = GroupFeedVC.swift; sourceTree = "<group>"; };
		33F4FE7D2017995100A66768 /* CreateGroupVC.swift */ = {isa = PBXFileReference; lastKnownFileType = sourcecode.swift; path = CreateGroupVC.swift; sourceTree = "<group>"; };
		33F4FE7F2017AC0C00A66768 /* UserCell.swift */ = {isa = PBXFileReference; lastKnownFileType = sourcecode.swift; path = UserCell.swift; sourceTree = "<group>"; };
		33F6D4CB201B37B100D269D2 /* UIViewControllerExt.swift */ = {isa = PBXFileReference; lastKnownFileType = sourcecode.swift; path = UIViewControllerExt.swift; sourceTree = "<group>"; };
		33FE6C8920076C3900494415 /* DevsPlatform.app */ = {isa = PBXFileReference; explicitFileType = wrapper.application; includeInIndex = 0; path = DevsPlatform.app; sourceTree = BUILT_PRODUCTS_DIR; };
		33FE6C8C20076C3900494415 /* AppDelegate.swift */ = {isa = PBXFileReference; lastKnownFileType = sourcecode.swift; path = AppDelegate.swift; sourceTree = "<group>"; };
		33FE6C8E20076C3900494415 /* FeedVC.swift */ = {isa = PBXFileReference; lastKnownFileType = sourcecode.swift; path = FeedVC.swift; sourceTree = "<group>"; };
		33FE6C9020076C3900494415 /* GroupVC.swift */ = {isa = PBXFileReference; lastKnownFileType = sourcecode.swift; path = GroupVC.swift; sourceTree = "<group>"; };
		33FE6C9320076C3900494415 /* Base */ = {isa = PBXFileReference; lastKnownFileType = file.storyboard; name = Base; path = Base.lproj/Main.storyboard; sourceTree = "<group>"; };
		33FE6C9520076C3900494415 /* Assets.xcassets */ = {isa = PBXFileReference; lastKnownFileType = folder.assetcatalog; path = Assets.xcassets; sourceTree = "<group>"; };
		33FE6C9820076C3900494415 /* Base */ = {isa = PBXFileReference; lastKnownFileType = file.storyboard; name = Base; path = Base.lproj/LaunchScreen.storyboard; sourceTree = "<group>"; };
		33FE6C9A20076C3900494415 /* Info.plist */ = {isa = PBXFileReference; lastKnownFileType = text.plist.xml; path = Info.plist; sourceTree = "<group>"; };
		33FE6CA52007779C00494415 /* GoogleService-Info.plist */ = {isa = PBXFileReference; fileEncoding = 4; lastKnownFileType = text.plist.xml; path = "GoogleService-Info.plist"; sourceTree = "<group>"; };
		33FE6CA72007807100494415 /* DataService.swift */ = {isa = PBXFileReference; lastKnownFileType = sourcecode.swift; path = DataService.swift; sourceTree = "<group>"; };
		33FE6CA92007B1A800494415 /* AuthVC.swift */ = {isa = PBXFileReference; lastKnownFileType = sourcecode.swift; path = AuthVC.swift; sourceTree = "<group>"; };
		33FE6CAB2007B22600494415 /* LoginVC.swift */ = {isa = PBXFileReference; lastKnownFileType = sourcecode.swift; path = LoginVC.swift; sourceTree = "<group>"; };
		33FE6CAD2007B2E800494415 /* InsetTextField.swift */ = {isa = PBXFileReference; lastKnownFileType = sourcecode.swift; path = InsetTextField.swift; sourceTree = "<group>"; };
		59AFC96BED82885A84F82481 /* Pods-DevsPlatform.release.xcconfig */ = {isa = PBXFileReference; includeInIndex = 1; lastKnownFileType = text.xcconfig; name = "Pods-DevsPlatform.release.xcconfig"; path = "Pods/Target Support Files/Pods-DevsPlatform/Pods-DevsPlatform.release.xcconfig"; sourceTree = "<group>"; };
		84BCBA6E99B194B9A2E3A650 /* Pods-DevsPlatform.debug.xcconfig */ = {isa = PBXFileReference; includeInIndex = 1; lastKnownFileType = text.xcconfig; name = "Pods-DevsPlatform.debug.xcconfig"; path = "Pods/Target Support Files/Pods-DevsPlatform/Pods-DevsPlatform.debug.xcconfig"; sourceTree = "<group>"; };
		BC17805A1077F7DBA2EAD70E /* Pods_DevsPlatform.framework */ = {isa = PBXFileReference; explicitFileType = wrapper.framework; includeInIndex = 0; path = Pods_DevsPlatform.framework; sourceTree = BUILT_PRODUCTS_DIR; };
/* End PBXFileReference section */

/* Begin PBXFrameworksBuildPhase section */
		33FE6C8620076C3900494415 /* Frameworks */ = {
			isa = PBXFrameworksBuildPhase;
			buildActionMask = 2147483647;
			files = (
				1A88B7853C7B3203EEAF3F80 /* Pods_DevsPlatform.framework in Frameworks */,
			);
			runOnlyForDeploymentPostprocessing = 0;
		};
/* End PBXFrameworksBuildPhase section */

/* Begin PBXGroup section */
		33FE6C8020076C3900494415 = {
			isa = PBXGroup;
			children = (
				33FE6C8B20076C3900494415 /* DevsPlatform */,
				33FE6C8A20076C3900494415 /* Products */,
				F6EB40B732365418060E14B7 /* Pods */,
				5680194D30644E1CAC1C81C3 /* Frameworks */,
			);
			sourceTree = "<group>";
		};
		33FE6C8A20076C3900494415 /* Products */ = {
			isa = PBXGroup;
			children = (
				33FE6C8920076C3900494415 /* DevsPlatform.app */,
			);
			name = Products;
			sourceTree = "<group>";
		};
		33FE6C8B20076C3900494415 /* DevsPlatform */ = {
			isa = PBXGroup;
			children = (
				33FE6CA420076F2000494415 /* Services */,
				33FE6CA320076EDA00494415 /* Extensions */,
				33FE6CA220076D8C00494415 /* Model */,
				33FE6CA120076D8600494415 /* View */,
				33FE6CA020076D2100494415 /* Controller */,
				33FE6C8C20076C3900494415 /* AppDelegate.swift */,
				33FE6C9220076C3900494415 /* Main.storyboard */,
				33FE6C9520076C3900494415 /* Assets.xcassets */,
				33FE6C9720076C3900494415 /* LaunchScreen.storyboard */,
				33FE6C9A20076C3900494415 /* Info.plist */,
				33FE6CA52007779C00494415 /* GoogleService-Info.plist */,
			);
			path = DevsPlatform;
			sourceTree = "<group>";
		};
		33FE6CA020076D2100494415 /* Controller */ = {
			isa = PBXGroup;
			children = (
				33FE6C8E20076C3900494415 /* FeedVC.swift */,
				33FE6C9020076C3900494415 /* GroupVC.swift */,
				33FE6CA92007B1A800494415 /* AuthVC.swift */,
				33FE6CAB2007B22600494415 /* LoginVC.swift */,
				3316B83D200A534A005BDEB5 /* MeVC.swift */,
				3360135B200AA09F006F68E9 /* createPostVC.swift */,
				33F4FE7D2017995100A66768 /* CreateGroupVC.swift */,
				33EBFEE5201A0C8000D8477E /* GroupFeedVC.swift */,
				3380D248201DC42400546E8F /* socialConnection.swift */,
			);
			path = Controller;
			sourceTree = "<group>";
		};
		33FE6CA120076D8600494415 /* View */ = {
			isa = PBXGroup;
			children = (
				33FE6CAD2007B2E800494415 /* InsetTextField.swift */,
				33DB6CF42009121E001C7A24 /* ShadowView.swift */,
				33601361200ABC94006F68E9 /* FeedCell.swift */,
				33F4FE7F2017AC0C00A66768 /* UserCell.swift */,
				33EBFEDF2019DC8A00D8477E /* GroupCell.swift */,
				33EBFEE3201A0B4100D8477E /* groupFeedCell.swift */,
			);
			path = View;
			sourceTree = "<group>";
		};
		33FE6CA220076D8C00494415 /* Model */ = {
			isa = PBXGroup;
			children = (
				33E7896E200B4443006A2CDF /* Message.swift */,
				33EBFEE12019E86A00D8477E /* Group.swift */,
			);
			path = Model;
			sourceTree = "<group>";
		};
		33FE6CA320076EDA00494415 /* Extensions */ = {
			isa = PBXGroup;
			children = (
				3360135F200AAE1D006F68E9 /* UIViewExt.swift */,
				33F6D4CB201B37B100D269D2 /* UIViewControllerExt.swift */,
			);
			path = Extensions;
			sourceTree = "<group>";
		};
		33FE6CA420076F2000494415 /* Services */ = {
			isa = PBXGroup;
			children = (
				33FE6CA72007807100494415 /* DataService.swift */,
				33DB6CF620091711001C7A24 /* AuthServices.swift */,
			);
			path = Services;
			sourceTree = "<group>";
		};
		5680194D30644E1CAC1C81C3 /* Frameworks */ = {
			isa = PBXGroup;
			children = (
				BC17805A1077F7DBA2EAD70E /* Pods_DevsPlatform.framework */,
			);
			name = Frameworks;
			sourceTree = "<group>";
		};
		F6EB40B732365418060E14B7 /* Pods */ = {
			isa = PBXGroup;
			children = (
				84BCBA6E99B194B9A2E3A650 /* Pods-DevsPlatform.debug.xcconfig */,
				59AFC96BED82885A84F82481 /* Pods-DevsPlatform.release.xcconfig */,
			);
			name = Pods;
			sourceTree = "<group>";
		};
/* End PBXGroup section */

/* Begin PBXNativeTarget section */
		33FE6C8820076C3900494415 /* DevsPlatform */ = {
			isa = PBXNativeTarget;
			buildConfigurationList = 33FE6C9D20076C3900494415 /* Build configuration list for PBXNativeTarget "DevsPlatform" */;
			buildPhases = (
				48328D3E808E89DC28276E0E /* [CP] Check Pods Manifest.lock */,
				33FE6C8520076C3900494415 /* Sources */,
				33FE6C8620076C3900494415 /* Frameworks */,
				33FE6C8720076C3900494415 /* Resources */,
				4808005B9CD070B12DC006A9 /* [CP] Embed Pods Frameworks */,
				F2F3E67BEE292043A10F86D2 /* [CP] Copy Pods Resources */,
			);
			buildRules = (
			);
			dependencies = (
			);
			name = DevsPlatform;
			productName = DevsPlatform;
			productReference = 33FE6C8920076C3900494415 /* DevsPlatform.app */;
			productType = "com.apple.product-type.application";
		};
/* End PBXNativeTarget section */

/* Begin PBXProject section */
		33FE6C8120076C3900494415 /* Project object */ = {
			isa = PBXProject;
			attributes = {
				LastSwiftUpdateCheck = 0920;
				LastUpgradeCheck = 0920;
				ORGANIZATIONNAME = varun15bhola;
				TargetAttributes = {
					33FE6C8820076C3900494415 = {
						CreatedOnToolsVersion = 9.2;
						ProvisioningStyle = Automatic;
					};
				};
			};
			buildConfigurationList = 33FE6C8420076C3900494415 /* Build configuration list for PBXProject "DevsPlatform" */;
			compatibilityVersion = "Xcode 8.0";
			developmentRegion = en;
			hasScannedForEncodings = 0;
			knownRegions = (
				en,
				Base,
			);
			mainGroup = 33FE6C8020076C3900494415;
			productRefGroup = 33FE6C8A20076C3900494415 /* Products */;
			projectDirPath = "";
			projectRoot = "";
			targets = (
				33FE6C8820076C3900494415 /* DevsPlatform */,
			);
		};
/* End PBXProject section */

/* Begin PBXResourcesBuildPhase section */
		33FE6C8720076C3900494415 /* Resources */ = {
			isa = PBXResourcesBuildPhase;
			buildActionMask = 2147483647;
			files = (
				33FE6C9920076C3900494415 /* LaunchScreen.storyboard in Resources */,
				33FE6CA62007779C00494415 /* GoogleService-Info.plist in Resources */,
				33FE6C9620076C3900494415 /* Assets.xcassets in Resources */,
				33FE6C9420076C3900494415 /* Main.storyboard in Resources */,
			);
			runOnlyForDeploymentPostprocessing = 0;
		};
/* End PBXResourcesBuildPhase section */

/* Begin PBXShellScriptBuildPhase section */
		4808005B9CD070B12DC006A9 /* [CP] Embed Pods Frameworks */ = {
			isa = PBXShellScriptBuildPhase;
			buildActionMask = 2147483647;
			files = (
			);
			inputPaths = (
				"${SRCROOT}/Pods/Target Support Files/Pods-DevsPlatform/Pods-DevsPlatform-frameworks.sh",
				"${BUILT_PRODUCTS_DIR}/Bolts/Bolts.framework",
				"${BUILT_PRODUCTS_DIR}/FBSDKCoreKit/FBSDKCoreKit.framework",
				"${BUILT_PRODUCTS_DIR}/FBSDKLoginKit/FBSDKLoginKit.framework",
				"${BUILT_PRODUCTS_DIR}/FBSDKShareKit/FBSDKShareKit.framework",
				"${BUILT_PRODUCTS_DIR}/GTMSessionFetcher/GTMSessionFetcher.framework",
				"${BUILT_PRODUCTS_DIR}/GoogleToolboxForMac/GoogleToolboxForMac.framework",
				"${BUILT_PRODUCTS_DIR}/leveldb-library/leveldb.framework",
				"${BUILT_PRODUCTS_DIR}/nanopb/nanopb.framework",
			);
			name = "[CP] Embed Pods Frameworks";
			outputPaths = (
				"${TARGET_BUILD_DIR}/${FRAMEWORKS_FOLDER_PATH}/Bolts.framework",
				"${TARGET_BUILD_DIR}/${FRAMEWORKS_FOLDER_PATH}/FBSDKCoreKit.framework",
				"${TARGET_BUILD_DIR}/${FRAMEWORKS_FOLDER_PATH}/FBSDKLoginKit.framework",
				"${TARGET_BUILD_DIR}/${FRAMEWORKS_FOLDER_PATH}/FBSDKShareKit.framework",
				"${TARGET_BUILD_DIR}/${FRAMEWORKS_FOLDER_PATH}/GTMSessionFetcher.framework",
				"${TARGET_BUILD_DIR}/${FRAMEWORKS_FOLDER_PATH}/GoogleToolboxForMac.framework",
				"${TARGET_BUILD_DIR}/${FRAMEWORKS_FOLDER_PATH}/leveldb.framework",
				"${TARGET_BUILD_DIR}/${FRAMEWORKS_FOLDER_PATH}/nanopb.framework",
			);
			runOnlyForDeploymentPostprocessing = 0;
			shellPath = /bin/sh;
			shellScript = "\"${SRCROOT}/Pods/Target Support Files/Pods-DevsPlatform/Pods-DevsPlatform-frameworks.sh\"\n";
			showEnvVarsInLog = 0;
		};
		48328D3E808E89DC28276E0E /* [CP] Check Pods Manifest.lock */ = {
			isa = PBXShellScriptBuildPhase;
			buildActionMask = 2147483647;
			files = (
			);
			inputPaths = (
				"${PODS_PODFILE_DIR_PATH}/Podfile.lock",
				"${PODS_ROOT}/Manifest.lock",
			);
			name = "[CP] Check Pods Manifest.lock";
			outputPaths = (
				"$(DERIVED_FILE_DIR)/Pods-DevsPlatform-checkManifestLockResult.txt",
			);
			runOnlyForDeploymentPostprocessing = 0;
			shellPath = /bin/sh;
			shellScript = "diff \"${PODS_PODFILE_DIR_PATH}/Podfile.lock\" \"${PODS_ROOT}/Manifest.lock\" > /dev/null\nif [ $? != 0 ] ; then\n    # print error to STDERR\n    echo \"error: The sandbox is not in sync with the Podfile.lock. Run 'pod install' or update your CocoaPods installation.\" >&2\n    exit 1\nfi\n# This output is used by Xcode 'outputs' to avoid re-running this script phase.\necho \"SUCCESS\" > \"${SCRIPT_OUTPUT_FILE_0}\"\n";
			showEnvVarsInLog = 0;
		};
		F2F3E67BEE292043A10F86D2 /* [CP] Copy Pods Resources */ = {
			isa = PBXShellScriptBuildPhase;
			buildActionMask = 2147483647;
			files = (
			);
			inputPaths = (
			);
			name = "[CP] Copy Pods Resources";
			outputPaths = (
			);
			runOnlyForDeploymentPostprocessing = 0;
			shellPath = /bin/sh;
			shellScript = "\"${SRCROOT}/Pods/Target Support Files/Pods-DevsPlatform/Pods-DevsPlatform-resources.sh\"\n";
			showEnvVarsInLog = 0;
		};
/* End PBXShellScriptBuildPhase section */

/* Begin PBXSourcesBuildPhase section */
		33FE6C8520076C3900494415 /* Sources */ = {
			isa = PBXSourcesBuildPhase;
			buildActionMask = 2147483647;
			files = (
				33601360200AAE1D006F68E9 /* UIViewExt.swift in Sources */,
				33601362200ABC94006F68E9 /* FeedCell.swift in Sources */,
				3316B83E200A534A005BDEB5 /* MeVC.swift in Sources */,
				33EBFEE02019DC8A00D8477E /* GroupCell.swift in Sources */,
				33FE6CAA2007B1A800494415 /* AuthVC.swift in Sources */,
				33F6D4CC201B37B100D269D2 /* UIViewControllerExt.swift in Sources */,
				33FE6C9120076C3900494415 /* GroupVC.swift in Sources */,
				33EBFEE6201A0C8000D8477E /* GroupFeedVC.swift in Sources */,
				33FE6CAC2007B22600494415 /* LoginVC.swift in Sources */,
				33FE6C8D20076C3900494415 /* AppDelegate.swift in Sources */,
				33DB6CF52009121E001C7A24 /* ShadowView.swift in Sources */,
				33EBFEE22019E86A00D8477E /* Group.swift in Sources */,
				33EBFEE4201A0B4100D8477E /* groupFeedCell.swift in Sources */,
				33F4FE802017AC0C00A66768 /* UserCell.swift in Sources */,
				33F4FE7E2017995100A66768 /* CreateGroupVC.swift in Sources */,
				33FE6C8F20076C3900494415 /* FeedVC.swift in Sources */,
				33DB6CF720091711001C7A24 /* AuthServices.swift in Sources */,
				3360135C200AA09F006F68E9 /* createPostVC.swift in Sources */,
				3380D249201DC42400546E8F /* socialConnection.swift in Sources */,
				33FE6CAE2007B2E800494415 /* InsetTextField.swift in Sources */,
				33FE6CA82007807100494415 /* DataService.swift in Sources */,
				33E7896F200B4443006A2CDF /* Message.swift in Sources */,
			);
			runOnlyForDeploymentPostprocessing = 0;
		};
/* End PBXSourcesBuildPhase section */

/* Begin PBXVariantGroup section */
		33FE6C9220076C3900494415 /* Main.storyboard */ = {
			isa = PBXVariantGroup;
			children = (
				33FE6C9320076C3900494415 /* Base */,
			);
			name = Main.storyboard;
			sourceTree = "<group>";
		};
		33FE6C9720076C3900494415 /* LaunchScreen.storyboard */ = {
			isa = PBXVariantGroup;
			children = (
				33FE6C9820076C3900494415 /* Base */,
			);
			name = LaunchScreen.storyboard;
			sourceTree = "<group>";
		};
/* End PBXVariantGroup section */

/* Begin XCBuildConfiguration section */
		33FE6C9B20076C3900494415 /* Debug */ = {
			isa = XCBuildConfiguration;
			buildSettings = {
				ALWAYS_SEARCH_USER_PATHS = NO;
				CLANG_ANALYZER_NONNULL = YES;
				CLANG_ANALYZER_NUMBER_OBJECT_CONVERSION = YES_AGGRESSIVE;
				CLANG_CXX_LANGUAGE_STANDARD = "gnu++14";
				CLANG_CXX_LIBRARY = "libc++";
				CLANG_ENABLE_MODULES = YES;
				CLANG_ENABLE_OBJC_ARC = YES;
				CLANG_WARN_BLOCK_CAPTURE_AUTORELEASING = YES;
				CLANG_WARN_BOOL_CONVERSION = YES;
				CLANG_WARN_COMMA = YES;
				CLANG_WARN_CONSTANT_CONVERSION = YES;
				CLANG_WARN_DIRECT_OBJC_ISA_USAGE = YES_ERROR;
				CLANG_WARN_DOCUMENTATION_COMMENTS = YES;
				CLANG_WARN_EMPTY_BODY = YES;
				CLANG_WARN_ENUM_CONVERSION = YES;
				CLANG_WARN_INFINITE_RECURSION = YES;
				CLANG_WARN_INT_CONVERSION = YES;
				CLANG_WARN_NON_LITERAL_NULL_CONVERSION = YES;
				CLANG_WARN_OBJC_LITERAL_CONVERSION = YES;
				CLANG_WARN_OBJC_ROOT_CLASS = YES_ERROR;
				CLANG_WARN_RANGE_LOOP_ANALYSIS = YES;
				CLANG_WARN_STRICT_PROTOTYPES = YES;
				CLANG_WARN_SUSPICIOUS_MOVE = YES;
				CLANG_WARN_UNGUARDED_AVAILABILITY = YES_AGGRESSIVE;
				CLANG_WARN_UNREACHABLE_CODE = YES;
				CLANG_WARN__DUPLICATE_METHOD_MATCH = YES;
				CODE_SIGN_IDENTITY = "iPhone Developer";
				COPY_PHASE_STRIP = NO;
				DEBUG_INFORMATION_FORMAT = dwarf;
				ENABLE_STRICT_OBJC_MSGSEND = YES;
				ENABLE_TESTABILITY = YES;
				GCC_C_LANGUAGE_STANDARD = gnu11;
				GCC_DYNAMIC_NO_PIC = NO;
				GCC_NO_COMMON_BLOCKS = YES;
				GCC_OPTIMIZATION_LEVEL = 0;
				GCC_PREPROCESSOR_DEFINITIONS = (
					"DEBUG=1",
					"$(inherited)",
				);
				GCC_WARN_64_TO_32_BIT_CONVERSION = YES;
				GCC_WARN_ABOUT_RETURN_TYPE = YES_ERROR;
				GCC_WARN_UNDECLARED_SELECTOR = YES;
				GCC_WARN_UNINITIALIZED_AUTOS = YES_AGGRESSIVE;
				GCC_WARN_UNUSED_FUNCTION = YES;
				GCC_WARN_UNUSED_VARIABLE = YES;
				IPHONEOS_DEPLOYMENT_TARGET = 11.2;
				MTL_ENABLE_DEBUG_INFO = YES;
				ONLY_ACTIVE_ARCH = YES;
				SDKROOT = iphoneos;
				SWIFT_ACTIVE_COMPILATION_CONDITIONS = DEBUG;
				SWIFT_OPTIMIZATION_LEVEL = "-Onone";
			};
			name = Debug;
		};
		33FE6C9C20076C3900494415 /* Release */ = {
			isa = XCBuildConfiguration;
			buildSettings = {
				ALWAYS_SEARCH_USER_PATHS = NO;
				CLANG_ANALYZER_NONNULL = YES;
				CLANG_ANALYZER_NUMBER_OBJECT_CONVERSION = YES_AGGRESSIVE;
				CLANG_CXX_LANGUAGE_STANDARD = "gnu++14";
				CLANG_CXX_LIBRARY = "libc++";
				CLANG_ENABLE_MODULES = YES;
				CLANG_ENABLE_OBJC_ARC = YES;
				CLANG_WARN_BLOCK_CAPTURE_AUTORELEASING = YES;
				CLANG_WARN_BOOL_CONVERSION = YES;
				CLANG_WARN_COMMA = YES;
				CLANG_WARN_CONSTANT_CONVERSION = YES;
				CLANG_WARN_DIRECT_OBJC_ISA_USAGE = YES_ERROR;
				CLANG_WARN_DOCUMENTATION_COMMENTS = YES;
				CLANG_WARN_EMPTY_BODY = YES;
				CLANG_WARN_ENUM_CONVERSION = YES;
				CLANG_WARN_INFINITE_RECURSION = YES;
				CLANG_WARN_INT_CONVERSION = YES;
				CLANG_WARN_NON_LITERAL_NULL_CONVERSION = YES;
				CLANG_WARN_OBJC_LITERAL_CONVERSION = YES;
				CLANG_WARN_OBJC_ROOT_CLASS = YES_ERROR;
				CLANG_WARN_RANGE_LOOP_ANALYSIS = YES;
				CLANG_WARN_STRICT_PROTOTYPES = YES;
				CLANG_WARN_SUSPICIOUS_MOVE = YES;
				CLANG_WARN_UNGUARDED_AVAILABILITY = YES_AGGRESSIVE;
				CLANG_WARN_UNREACHABLE_CODE = YES;
				CLANG_WARN__DUPLICATE_METHOD_MATCH = YES;
				CODE_SIGN_IDENTITY = "iPhone Developer";
				COPY_PHASE_STRIP = NO;
				DEBUG_INFORMATION_FORMAT = "dwarf-with-dsym";
				ENABLE_NS_ASSERTIONS = NO;
				ENABLE_STRICT_OBJC_MSGSEND = YES;
				GCC_C_LANGUAGE_STANDARD = gnu11;
				GCC_NO_COMMON_BLOCKS = YES;
				GCC_WARN_64_TO_32_BIT_CONVERSION = YES;
				GCC_WARN_ABOUT_RETURN_TYPE = YES_ERROR;
				GCC_WARN_UNDECLARED_SELECTOR = YES;
				GCC_WARN_UNINITIALIZED_AUTOS = YES_AGGRESSIVE;
				GCC_WARN_UNUSED_FUNCTION = YES;
				GCC_WARN_UNUSED_VARIABLE = YES;
				IPHONEOS_DEPLOYMENT_TARGET = 11.2;
				MTL_ENABLE_DEBUG_INFO = NO;
				SDKROOT = iphoneos;
				SWIFT_OPTIMIZATION_LEVEL = "-Owholemodule";
				VALIDATE_PRODUCT = YES;
			};
			name = Release;
		};
		33FE6C9E20076C3900494415 /* Debug */ = {
			isa = XCBuildConfiguration;
			baseConfigurationReference = 84BCBA6E99B194B9A2E3A650 /* Pods-DevsPlatform.debug.xcconfig */;
			buildSettings = {
				CODE_SIGN_STYLE = Automatic;
				DEVELOPMENT_TEAM = 962VTQQ2MJ;
				INFOPLIST_FILE = DevsPlatform/Info.plist;
				LD_RUNPATH_SEARCH_PATHS = "$(inherited) @executable_path/Frameworks";
				PRODUCT_BUNDLE_IDENTIFIER = krishna.DevsPlatform;
				PRODUCT_NAME = "$(TARGET_NAME)";
				SWIFT_VERSION = 4.0;
				TARGETED_DEVICE_FAMILY = "1,2";
			};
			name = Debug;
		};
		33FE6C9F20076C3900494415 /* Release */ = {
			isa = XCBuildConfiguration;
			baseConfigurationReference = 59AFC96BED82885A84F82481 /* Pods-DevsPlatform.release.xcconfig */;
			buildSettings = {
				CODE_SIGN_STYLE = Automatic;
				DEVELOPMENT_TEAM = 962VTQQ2MJ;
				INFOPLIST_FILE = DevsPlatform/Info.plist;
				LD_RUNPATH_SEARCH_PATHS = "$(inherited) @executable_path/Frameworks";
				PRODUCT_BUNDLE_IDENTIFIER = krishna.DevsPlatform;
				PRODUCT_NAME = "$(TARGET_NAME)";
				SWIFT_VERSION = 4.0;
				TARGETED_DEVICE_FAMILY = "1,2";
			};
			name = Release;
		};
/* End XCBuildConfiguration section */

/* Begin XCConfigurationList section */
		33FE6C8420076C3900494415 /* Build configuration list for PBXProject "DevsPlatform" */ = {
			isa = XCConfigurationList;
			buildConfigurations = (
				33FE6C9B20076C3900494415 /* Debug */,
				33FE6C9C20076C3900494415 /* Release */,
			);
			defaultConfigurationIsVisible = 0;
			defaultConfigurationName = Release;
		};
		33FE6C9D20076C3900494415 /* Build configuration list for PBXNativeTarget "DevsPlatform" */ = {
			isa = XCConfigurationList;
			buildConfigurations = (
				33FE6C9E20076C3900494415 /* Debug */,
				33FE6C9F20076C3900494415 /* Release */,
			);
			defaultConfigurationIsVisible = 0;
			defaultConfigurationName = Release;
		};
/* End XCConfigurationList section */
	};
	rootObject = 33FE6C8120076C3900494415 /* Project object */;
}
